
Microsoft Visual Studio Solution File, Format Version 12.00
# Visual Studio Version 16
VisualStudioVersion = 16.0.31025.194
MinimumVisualStudioVersion = 10.0.40219.1
Project("{FAE04EC0-301F-11D3-BF4B-00C04F79EFBC}") = "rpaSupportRJ", "rpaSupportRJ.csproj", "{D64482AE-87A3-4331-92B7-6B68760820DD}"
EndProject
Global
	GlobalSection(SolutionConfigurationPlatforms) = preSolution
		Debug|Any CPU = Debug|Any CPU
		Release|Any CPU = Release|Any CPU
	EndGlobalSection
	GlobalSection(ProjectConfigurationPlatforms) = postSolution
		{D64482AE-87A3-4331-92B7-6B68760820DD}.Debug|Any CPU.ActiveCfg = Debug|Any CPU
		{D64482AE-87A3-4331-92B7-6B68760820DD}.Debug|Any CPU.Build.0 = Debug|Any CPU
		{D64482AE-87A3-4331-92B7-6B68760820DD}.Release|Any CPU.ActiveCfg = Release|Any CPU
		{D64482AE-87A3-4331-92B7-6B68760820DD}.Release|Any CPU.Build.0 = Release|Any CPU
	EndGlobalSection
	GlobalSection(SolutionProperties) = preSolution
		HideSolutionNode = FALSE
	EndGlobalSection
	GlobalSection(ExtensibilityGlobals) = postSolution
		SolutionGuid = {E76321C7-14A4-4E6D-93E9-A574308DB145}
	EndGlobalSection
EndGlobal
